// !$*UTF8*$!
{
	archiveVersion = 1;
	classes = {
	};
	objectVersion = 56;
	objects = {

/* Begin PBXBuildFile section */
		13E1D7B22C79D7AF0086B5B4 /* IBUgramApp.swift in Sources */ = {isa = PBXBuildFile; fileRef = 13E1D7B12C79D7AF0086B5B4 /* IBUgramApp.swift */; };
		13E1D7B42C79D7AF0086B5B4 /* ContentView.swift in Sources */ = {isa = PBXBuildFile; fileRef = 13E1D7B32C79D7AF0086B5B4 /* ContentView.swift */; };
		13E1D7B62C79D7B00086B5B4 /* Assets.xcassets in Resources */ = {isa = PBXBuildFile; fileRef = 13E1D7B52C79D7B00086B5B4 /* Assets.xcassets */; };
		13E1D7B92C79D7B00086B5B4 /* Preview Assets.xcassets in Resources */ = {isa = PBXBuildFile; fileRef = 13E1D7B82C79D7B00086B5B4 /* Preview Assets.xcassets */; };
/* End PBXBuildFile section */

/* Begin PBXFileReference section */
		13E1D7AE2C79D7AF0086B5B4 /* IBUgram.app */ = {isa = PBXFileReference; explicitFileType = wrapper.application; includeInIndex = 0; path = IBUgram.app; sourceTree = BUILT_PRODUCTS_DIR; };
		13E1D7B12C79D7AF0086B5B4 /* IBUgramApp.swift */ = {isa = PBXFileReference; lastKnownFileType = sourcecode.swift; path = IBUgramApp.swift; sourceTree = "<group>"; };
		13E1D7B32C79D7AF0086B5B4 /* ContentView.swift */ = {isa = PBXFileReference; lastKnownFileType = sourcecode.swift; path = ContentView.swift; sourceTree = "<group>"; };
		13E1D7B52C79D7B00086B5B4 /* Assets.xcassets */ = {isa = PBXFileReference; lastKnownFileType = folder.assetcatalog; path = Assets.xcassets; sourceTree = "<group>"; };
		13E1D7B82C79D7B00086B5B4 /* Preview Assets.xcassets */ = {isa = PBXFileReference; lastKnownFileType = folder.assetcatalog; path = "Preview Assets.xcassets"; sourceTree = "<group>"; };
/* End PBXFileReference section */

/* Begin PBXFrameworksBuildPhase section */
		13E1D7AB2C79D7AF0086B5B4 /* Frameworks */ = {
			isa = PBXFrameworksBuildPhase;
			buildActionMask = 2147483647;
			files = (
			);
			runOnlyForDeploymentPostprocessing = 0;
		};
/* End PBXFrameworksBuildPhase section */

/* Begin PBXGroup section */
		13E1D7A52C79D7AF0086B5B4 = {
			isa = PBXGroup;
			children = (
				13E1D7B02C79D7AF0086B5B4 /* IBUgram */,
				13E1D7AF2C79D7AF0086B5B4 /* Products */,
			);
			sourceTree = "<group>";
		};
		13E1D7AF2C79D7AF0086B5B4 /* Products */ = {
			isa = PBXGroup;
			children = (
				13E1D7AE2C79D7AF0086B5B4 /* IBUgram.app */,
			);
			name = Products;
			sourceTree = "<group>";
		};
		13E1D7B02C79D7AF0086B5B4 /* IBUgram */ = {
			isa = PBXGroup;
			children = (
				13E1D7C42C79D83E0086B5B4 /* Utils */,
				13E1D7C32C79D83A0086B5B4 /* API */,
				13E1D7C22C79D8380086B5B4 /* ViewModel */,
				13E1D7C02C79D8330086B5B4 /* View */,
				13E1D7BF2C79D7F60086B5B4 /* Model */,
				13E1D7B12C79D7AF0086B5B4 /* IBUgramApp.swift */,
				13E1D7B52C79D7B00086B5B4 /* Assets.xcassets */,
				13E1D7B72C79D7B00086B5B4 /* Preview Content */,
			);
			path = IBUgram;
			sourceTree = "<group>";
		};
		13E1D7B72C79D7B00086B5B4 /* Preview Content */ = {
			isa = PBXGroup;
			children = (
				13E1D7B82C79D7B00086B5B4 /* Preview Assets.xcassets */,
			);
			path = "Preview Content";
			sourceTree = "<group>";
		};
		13E1D7BF2C79D7F60086B5B4 /* Model */ = {
			isa = PBXGroup;
			children = (
			);
			path = Model;
			sourceTree = "<group>";
		};
		13E1D7C02C79D8330086B5B4 /* View */ = {
			isa = PBXGroup;
			children = (
				13E1D7CE2C79D95A0086B5B4 /* Items */,
				13E1D7CD2C79D94E0086B5B4 /* Authentication */,
				13E1D7CC2C79D9490086B5B4 /* Notifications */,
				13E1D7CB2C79D9460086B5B4 /* Search */,
				13E1D7CA2C79D9420086B5B4 /* Comments */,
				13E1D7C92C79D93F0086B5B4 /* Feed */,
				13E1D7C82C79D93A0086B5B4 /* Profile */,
				13E1D7C72C79D9350086B5B4 /* UploadPost */,
				13E1D7C52C79D9120086B5B4 /* Main */,
			);
			path = View;
			sourceTree = "<group>";
		};
		13E1D7C22C79D8380086B5B4 /* ViewModel */ = {
			isa = PBXGroup;
			children = (
				13E1D7D22C79D99E0086B5B4 /* Profile */,
				13E1D7D12C79D9980086B5B4 /* Authentication */,
				13E1D7D02C79D9930086B5B4 /* Notifications */,
				13E1D7CF2C79D98F0086B5B4 /* Feed */,
			);
			path = ViewModel;
			sourceTree = "<group>";
		};
		13E1D7C32C79D83A0086B5B4 /* API */ = {
			isa = PBXGroup;
			children = (
			);
			path = API;
			sourceTree = "<group>";
		};
		13E1D7C42C79D83E0086B5B4 /* Utils */ = {
			isa = PBXGroup;
			children = (
			);
			path = Utils;
			sourceTree = "<group>";
		};
		13E1D7C52C79D9120086B5B4 /* Main */ = {
			isa = PBXGroup;
			children = (
				13E1D7B32C79D7AF0086B5B4 /* ContentView.swift */,
			);
			path = Main;
			sourceTree = "<group>";
		};
		13E1D7C72C79D9350086B5B4 /* UploadPost */ = {
			isa = PBXGroup;
			children = (
			);
			path = UploadPost;
			sourceTree = "<group>";
		};
		13E1D7C82C79D93A0086B5B4 /* Profile */ = {
			isa = PBXGroup;
			children = (
			);
			path = Profile;
			sourceTree = "<group>";
		};
		13E1D7C92C79D93F0086B5B4 /* Feed */ = {
			isa = PBXGroup;
			children = (
			);
			path = Feed;
			sourceTree = "<group>";
		};
		13E1D7CA2C79D9420086B5B4 /* Comments */ = {
			isa = PBXGroup;
			children = (
			);
			path = Comments;
			sourceTree = "<group>";
		};
		13E1D7CB2C79D9460086B5B4 /* Search */ = {
			isa = PBXGroup;
			children = (
			);
			path = Search;
			sourceTree = "<group>";
		};
		13E1D7CC2C79D9490086B5B4 /* Notifications */ = {
			isa = PBXGroup;
			children = (
			);
			path = Notifications;
			sourceTree = "<group>";
		};
		13E1D7CD2C79D94E0086B5B4 /* Authentication */ = {
			isa = PBXGroup;
			children = (
			);
			path = Authentication;
			sourceTree = "<group>";
		};
		13E1D7CE2C79D95A0086B5B4 /* Items */ = {
			isa = PBXGroup;
			children = (
			);
			path = Items;
			sourceTree = "<group>";
		};
		13E1D7CF2C79D98F0086B5B4 /* Feed */ = {
			isa = PBXGroup;
			children = (
			);
			path = Feed;
			sourceTree = "<group>";
		};
		13E1D7D02C79D9930086B5B4 /* Notifications */ = {
			isa = PBXGroup;
			children = (
			);
			path = Notifications;
			sourceTree = "<group>";
		};
		13E1D7D12C79D9980086B5B4 /* Authentication */ = {
			isa = PBXGroup;
			children = (
			);
			path = Authentication;
			sourceTree = "<group>";
		};
		13E1D7D22C79D99E0086B5B4 /* Profile */ = {
			isa = PBXGroup;
			children = (
			);
			path = Profile;
			sourceTree = "<group>";
		};
/* End PBXGroup section */

/* Begin PBXNativeTarget section */
		13E1D7AD2C79D7AF0086B5B4 /* IBUgram */ = {
			isa = PBXNativeTarget;
			buildConfigurationList = 13E1D7BC2C79D7B00086B5B4 /* Build configuration list for PBXNativeTarget "IBUgram" */;
			buildPhases = (
				13E1D7AA2C79D7AF0086B5B4 /* Sources */,
				13E1D7AB2C79D7AF0086B5B4 /* Frameworks */,
				13E1D7AC2C79D7AF0086B5B4 /* Resources */,
			);
			buildRules = (
			);
			dependencies = (
			);
			name = IBUgram;
			productName = IBUgram;
			productReference = 13E1D7AE2C79D7AF0086B5B4 /* IBUgram.app */;
			productType = "com.apple.product-type.application";
		};
/* End PBXNativeTarget section */

/* Begin PBXProject section */
		13E1D7A62C79D7AF0086B5B4 /* Project object */ = {
			isa = PBXProject;
			attributes = {
				BuildIndependentTargetsInParallel = 1;
				LastSwiftUpdateCheck = 1540;
				LastUpgradeCheck = 1540;
				TargetAttributes = {
					13E1D7AD2C79D7AF0086B5B4 = {
						CreatedOnToolsVersion = 15.4;
					};
				};
			};
			buildConfigurationList = 13E1D7A92C79D7AF0086B5B4 /* Build configuration list for PBXProject "IBUgram" */;
			compatibilityVersion = "Xcode 14.0";
			developmentRegion = en;
			hasScannedForEncodings = 0;
			knownRegions = (
				en,
				Base,
			);
			mainGroup = 13E1D7A52C79D7AF0086B5B4;
			productRefGroup = 13E1D7AF2C79D7AF0086B5B4 /* Products */;
			projectDirPath = "";
			projectRoot = "";
			targets = (
				13E1D7AD2C79D7AF0086B5B4 /* IBUgram */,
			);
		};
/* End PBXProject section */

/* Begin PBXResourcesBuildPhase section */
		13E1D7AC2C79D7AF0086B5B4 /* Resources */ = {
			isa = PBXResourcesBuildPhase;
			buildActionMask = 2147483647;
			files = (
				13E1D7B92C79D7B00086B5B4 /* Preview Assets.xcassets in Resources */,
				13E1D7B62C79D7B00086B5B4 /* Assets.xcassets in Resources */,
			);
			runOnlyForDeploymentPostprocessing = 0;
		};
/* End PBXResourcesBuildPhase section */

/* Begin PBXSourcesBuildPhase section */
		13E1D7AA2C79D7AF0086B5B4 /* Sources */ = {
			isa = PBXSourcesBuildPhase;
			buildActionMask = 2147483647;
			files = (
				13E1D7B42C79D7AF0086B5B4 /* ContentView.swift in Sources */,
				13E1D7B22C79D7AF0086B5B4 /* IBUgramApp.swift in Sources */,
			);
			runOnlyForDeploymentPostprocessing = 0;
		};
/* End PBXSourcesBuildPhase section */

/* Begin XCBuildConfiguration section */
		13E1D7BA2C79D7B00086B5B4 /* Debug */ = {
			isa = XCBuildConfiguration;
			buildSettings = {
				ALWAYS_SEARCH_USER_PATHS = NO;
				ASSETCATALOG_COMPILER_GENERATE_SWIFT_ASSET_SYMBOL_EXTENSIONS = YES;
				CLANG_ANALYZER_NONNULL = YES;
				CLANG_ANALYZER_NUMBER_OBJECT_CONVERSION = YES_AGGRESSIVE;
				CLANG_CXX_LANGUAGE_STANDARD = "gnu++20";
				CLANG_ENABLE_MODULES = YES;
				CLANG_ENABLE_OBJC_ARC = YES;
				CLANG_ENABLE_OBJC_WEAK = YES;
				CLANG_WARN_BLOCK_CAPTURE_AUTORELEASING = YES;
				CLANG_WARN_BOOL_CONVERSION = YES;
				CLANG_WARN_COMMA = YES;
				CLANG_WARN_CONSTANT_CONVERSION = YES;
				CLANG_WARN_DEPRECATED_OBJC_IMPLEMENTATIONS = YES;
				CLANG_WARN_DIRECT_OBJC_ISA_USAGE = YES_ERROR;
				CLANG_WARN_DOCUMENTATION_COMMENTS = YES;
				CLANG_WARN_EMPTY_BODY = YES;
				CLANG_WARN_ENUM_CONVERSION = YES;
				CLANG_WARN_INFINITE_RECURSION = YES;
				CLANG_WARN_INT_CONVERSION = YES;
				CLANG_WARN_NON_LITERAL_NULL_CONVERSION = YES;
				CLANG_WARN_OBJC_IMPLICIT_RETAIN_SELF = YES;
				CLANG_WARN_OBJC_LITERAL_CONVERSION = YES;
				CLANG_WARN_OBJC_ROOT_CLASS = YES_ERROR;
				CLANG_WARN_QUOTED_INCLUDE_IN_FRAMEWORK_HEADER = YES;
				CLANG_WARN_RANGE_LOOP_ANALYSIS = YES;
				CLANG_WARN_STRICT_PROTOTYPES = YES;
				CLANG_WARN_SUSPICIOUS_MOVE = YES;
				CLANG_WARN_UNGUARDED_AVAILABILITY = YES_AGGRESSIVE;
				CLANG_WARN_UNREACHABLE_CODE = YES;
				CLANG_WARN__DUPLICATE_METHOD_MATCH = YES;
				COPY_PHASE_STRIP = NO;
				DEBUG_INFORMATION_FORMAT = dwarf;
				ENABLE_STRICT_OBJC_MSGSEND = YES;
				ENABLE_TESTABILITY = YES;
				ENABLE_USER_SCRIPT_SANDBOXING = YES;
				GCC_C_LANGUAGE_STANDARD = gnu17;
				GCC_DYNAMIC_NO_PIC = NO;
				GCC_NO_COMMON_BLOCKS = YES;
				GCC_OPTIMIZATION_LEVEL = 0;
				GCC_PREPROCESSOR_DEFINITIONS = (
					"DEBUG=1",
					"$(inherited)",
				);
				GCC_WARN_64_TO_32_BIT_CONVERSION = YES;
				GCC_WARN_ABOUT_RETURN_TYPE = YES_ERROR;
				GCC_WARN_UNDECLARED_SELECTOR = YES;
				GCC_WARN_UNINITIALIZED_AUTOS = YES_AGGRESSIVE;
				GCC_WARN_UNUSED_FUNCTION = YES;
				GCC_WARN_UNUSED_VARIABLE = YES;
				IPHONEOS_DEPLOYMENT_TARGET = 17.5;
				LOCALIZATION_PREFERS_STRING_CATALOGS = YES;
				MTL_ENABLE_DEBUG_INFO = INCLUDE_SOURCE;
				MTL_FAST_MATH = YES;
				ONLY_ACTIVE_ARCH = YES;
				SDKROOT = iphoneos;
				SWIFT_ACTIVE_COMPILATION_CONDITIONS = "DEBUG $(inherited)";
				SWIFT_OPTIMIZATION_LEVEL = "-Onone";
			};
			name = Debug;
		};
		13E1D7BB2C79D7B00086B5B4 /* Release */ = {
			isa = XCBuildConfiguration;
			buildSettings = {
				ALWAYS_SEARCH_USER_PATHS = NO;
				ASSETCATALOG_COMPILER_GENERATE_SWIFT_ASSET_SYMBOL_EXTENSIONS = YES;
				CLANG_ANALYZER_NONNULL = YES;
				CLANG_ANALYZER_NUMBER_OBJECT_CONVERSION = YES_AGGRESSIVE;
				CLANG_CXX_LANGUAGE_STANDARD = "gnu++20";
				CLANG_ENABLE_MODULES = YES;
				CLANG_ENABLE_OBJC_ARC = YES;
				CLANG_ENABLE_OBJC_WEAK = YES;
				CLANG_WARN_BLOCK_CAPTURE_AUTORELEASING = YES;
				CLANG_WARN_BOOL_CONVERSION = YES;
				CLANG_WARN_COMMA = YES;
				CLANG_WARN_CONSTANT_CONVERSION = YES;
				CLANG_WARN_DEPRECATED_OBJC_IMPLEMENTATIONS = YES;
				CLANG_WARN_DIRECT_OBJC_ISA_USAGE = YES_ERROR;
				CLANG_WARN_DOCUMENTATION_COMMENTS = YES;
				CLANG_WARN_EMPTY_BODY = YES;
				CLANG_WARN_ENUM_CONVERSION = YES;
				CLANG_WARN_INFINITE_RECURSION = YES;
				CLANG_WARN_INT_CONVERSION = YES;
				CLANG_WARN_NON_LITERAL_NULL_CONVERSION = YES;
				CLANG_WARN_OBJC_IMPLICIT_RETAIN_SELF = YES;
				CLANG_WARN_OBJC_LITERAL_CONVERSION = YES;
				CLANG_WARN_OBJC_ROOT_CLASS = YES_ERROR;
				CLANG_WARN_QUOTED_INCLUDE_IN_FRAMEWORK_HEADER = YES;
				CLANG_WARN_RANGE_LOOP_ANALYSIS = YES;
				CLANG_WARN_STRICT_PROTOTYPES = YES;
				CLANG_WARN_SUSPICIOUS_MOVE = YES;
				CLANG_WARN_UNGUARDED_AVAILABILITY = YES_AGGRESSIVE;
				CLANG_WARN_UNREACHABLE_CODE = YES;
				CLANG_WARN__DUPLICATE_METHOD_MATCH = YES;
				COPY_PHASE_STRIP = NO;
				DEBUG_INFORMATION_FORMAT = "dwarf-with-dsym";
				ENABLE_NS_ASSERTIONS = NO;
				ENABLE_STRICT_OBJC_MSGSEND = YES;
				ENABLE_USER_SCRIPT_SANDBOXING = YES;
				GCC_C_LANGUAGE_STANDARD = gnu17;
				GCC_NO_COMMON_BLOCKS = YES;
				GCC_WARN_64_TO_32_BIT_CONVERSION = YES;
				GCC_WARN_ABOUT_RETURN_TYPE = YES_ERROR;
				GCC_WARN_UNDECLARED_SELECTOR = YES;
				GCC_WARN_UNINITIALIZED_AUTOS = YES_AGGRESSIVE;
				GCC_WARN_UNUSED_FUNCTION = YES;
				GCC_WARN_UNUSED_VARIABLE = YES;
				IPHONEOS_DEPLOYMENT_TARGET = 17.5;
				LOCALIZATION_PREFERS_STRING_CATALOGS = YES;
				MTL_ENABLE_DEBUG_INFO = NO;
				MTL_FAST_MATH = YES;
				SDKROOT = iphoneos;
				SWIFT_COMPILATION_MODE = wholemodule;
				VALIDATE_PRODUCT = YES;
			};
			name = Release;
		};
		13E1D7BD2C79D7B00086B5B4 /* Debug */ = {
			isa = XCBuildConfiguration;
			buildSettings = {
				ASSETCATALOG_COMPILER_APPICON_NAME = AppIcon;
				ASSETCATALOG_COMPILER_GLOBAL_ACCENT_COLOR_NAME = AccentColor;
				CODE_SIGN_STYLE = Automatic;
				CURRENT_PROJECT_VERSION = 1;
				DEVELOPMENT_ASSET_PATHS = "\"IBUgram/Preview Content\"";
				ENABLE_PREVIEWS = YES;
				GENERATE_INFOPLIST_FILE = YES;
				INFOPLIST_KEY_UIApplicationSceneManifest_Generation = YES;
				INFOPLIST_KEY_UIApplicationSupportsIndirectInputEvents = YES;
				INFOPLIST_KEY_UILaunchScreen_Generation = YES;
				INFOPLIST_KEY_UISupportedInterfaceOrientations_iPad = "UIInterfaceOrientationPortrait UIInterfaceOrientationPortraitUpsideDown UIInterfaceOrientationLandscapeLeft UIInterfaceOrientationLandscapeRight";
				INFOPLIST_KEY_UISupportedInterfaceOrientations_iPhone = "UIInterfaceOrientationPortrait UIInterfaceOrientationLandscapeLeft UIInterfaceOrientationLandscapeRight";
				LD_RUNPATH_SEARCH_PATHS = (
					"$(inherited)",
					"@executable_path/Frameworks",
				);
				MARKETING_VERSION = 1.0;
				PRODUCT_BUNDLE_IDENTIFIER = ba.ibu.IBUgram;
				PRODUCT_NAME = "$(TARGET_NAME)";
				SWIFT_EMIT_LOC_STRINGS = YES;
				SWIFT_VERSION = 5.0;
				TARGETED_DEVICE_FAMILY = "1,2";
			};
			name = Debug;
		};
		13E1D7BE2C79D7B00086B5B4 /* Release */ = {
			isa = XCBuildConfiguration;
			buildSettings = {
				ASSETCATALOG_COMPILER_APPICON_NAME = AppIcon;
				ASSETCATALOG_COMPILER_GLOBAL_ACCENT_COLOR_NAME = AccentColor;
				CODE_SIGN_STYLE = Automatic;
				CURRENT_PROJECT_VERSION = 1;
				DEVELOPMENT_ASSET_PATHS = "\"IBUgram/Preview Content\"";
				ENABLE_PREVIEWS = YES;
				GENERATE_INFOPLIST_FILE = YES;
				INFOPLIST_KEY_UIApplicationSceneManifest_Generation = YES;
				INFOPLIST_KEY_UIApplicationSupportsIndirectInputEvents = YES;
				INFOPLIST_KEY_UILaunchScreen_Generation = YES;
				INFOPLIST_KEY_UISupportedInterfaceOrientations_iPad = "UIInterfaceOrientationPortrait UIInterfaceOrientationPortraitUpsideDown UIInterfaceOrientationLandscapeLeft UIInterfaceOrientationLandscapeRight";
				INFOPLIST_KEY_UISupportedInterfaceOrientations_iPhone = "UIInterfaceOrientationPortrait UIInterfaceOrientationLandscapeLeft UIInterfaceOrientationLandscapeRight";
				LD_RUNPATH_SEARCH_PATHS = (
					"$(inherited)",
					"@executable_path/Frameworks",
				);
				MARKETING_VERSION = 1.0;
				PRODUCT_BUNDLE_IDENTIFIER = ba.ibu.IBUgram;
				PRODUCT_NAME = "$(TARGET_NAME)";
				SWIFT_EMIT_LOC_STRINGS = YES;
				SWIFT_VERSION = 5.0;
				TARGETED_DEVICE_FAMILY = "1,2";
			};
			name = Release;
		};
/* End XCBuildConfiguration section */

/* Begin XCConfigurationList section */
		13E1D7A92C79D7AF0086B5B4 /* Build configuration list for PBXProject "IBUgram" */ = {
			isa = XCConfigurationList;
			buildConfigurations = (
				13E1D7BA2C79D7B00086B5B4 /* Debug */,
				13E1D7BB2C79D7B00086B5B4 /* Release */,
			);
			defaultConfigurationIsVisible = 0;
			defaultConfigurationName = Release;
		};
		13E1D7BC2C79D7B00086B5B4 /* Build configuration list for PBXNativeTarget "IBUgram" */ = {
			isa = XCConfigurationList;
			buildConfigurations = (
				13E1D7BD2C79D7B00086B5B4 /* Debug */,
				13E1D7BE2C79D7B00086B5B4 /* Release */,
			);
			defaultConfigurationIsVisible = 0;
			defaultConfigurationName = Release;
		};
/* End XCConfigurationList section */
	};
	rootObject = 13E1D7A62C79D7AF0086B5B4 /* Project object */;
}
